
Microsoft Visual Studio Solution File, Format Version 12.00
# Visual Studio Version 17
VisualStudioVersion = 17.11.35312.102
MinimumVisualStudioVersion = 10.0.40219.1
Project("{FAE04EC0-301F-11D3-BF4B-00C04F79EFBC}") = "RestaurantBookingMVC", "RestaurantBookingMVC.csproj", "{295317C0-E06E-4DA1-9249-03FBEA52474E}"
EndProject
Global
	GlobalSection(SolutionConfigurationPlatforms) = preSolution
		Debug|Any CPU = Debug|Any CPU
		Release|Any CPU = Release|Any CPU
	EndGlobalSection
	GlobalSection(ProjectConfigurationPlatforms) = postSolution
		{295317C0-E06E-4DA1-9249-03FBEA52474E}.Debug|Any CPU.ActiveCfg = Debug|Any CPU
		{295317C0-E06E-4DA1-9249-03FBEA52474E}.Debug|Any CPU.Build.0 = Debug|Any CPU
		{295317C0-E06E-4DA1-9249-03FBEA52474E}.Release|Any CPU.ActiveCfg = Release|Any CPU
		{295317C0-E06E-4DA1-9249-03FBEA52474E}.Release|Any CPU.Build.0 = Release|Any CPU
	EndGlobalSection
	GlobalSection(SolutionProperties) = preSolution
		HideSolutionNode = FALSE
	EndGlobalSection
	GlobalSection(ExtensibilityGlobals) = postSolution
		SolutionGuid = {DDE9A5FF-A5DF-48AF-A892-59AE0FFDF2A1}
	EndGlobalSection
EndGlobal
